
Microsoft Visual Studio Solution File, Format Version 12.00
# Visual Studio Version 17
VisualStudioVersion = 17.9.34723.18
MinimumVisualStudioVersion = 10.0.40219.1
Project("{FAE04EC0-301F-11D3-BF4B-00C04F79EFBC}") = "Cronometro", "Cronometro\Cronometro.csproj", "{FA334B13-F9A8-46BC-90BF-05041E084117}"
EndProject
Global
	GlobalSection(SolutionConfigurationPlatforms) = preSolution
		Debug|Any CPU = Debug|Any CPU
		Release|Any CPU = Release|Any CPU
	EndGlobalSection
	GlobalSection(ProjectConfigurationPlatforms) = postSolution
		{FA334B13-F9A8-46BC-90BF-05041E084117}.Debug|Any CPU.ActiveCfg = Debug|Any CPU
		{FA334B13-F9A8-46BC-90BF-05041E084117}.Debug|Any CPU.Build.0 = Debug|Any CPU
		{FA334B13-F9A8-46BC-90BF-05041E084117}.Release|Any CPU.ActiveCfg = Release|Any CPU
		{FA334B13-F9A8-46BC-90BF-05041E084117}.Release|Any CPU.Build.0 = Release|Any CPU
	EndGlobalSection
	GlobalSection(SolutionProperties) = preSolution
		HideSolutionNode = FALSE
	EndGlobalSection
	GlobalSection(ExtensibilityGlobals) = postSolution
		SolutionGuid = {46AC6065-14BC-4EC6-BB45-13DF96290AE7}
	EndGlobalSection
EndGlobal
